
Microsoft Visual Studio Solution File, Format Version 12.00
# Visual Studio 15
VisualStudioVersion = 15.0.28307.852
MinimumVisualStudioVersion = 10.0.40219.1
Project("{8BC9CEB8-8B4A-11D0-8D11-00A0C91BC942}") = "Javidx9PanningAndZomming", "Javidx9PanningAndZomming\Javidx9PanningAndZomming.vcxproj", "{E6B535BE-E1C2-4E76-85E8-5A39E1C0BE6C}"
EndProject
Global
	GlobalSection(SolutionConfigurationPlatforms) = preSolution
		Debug|x64 = Debug|x64
		Debug|x86 = Debug|x86
		Release|x64 = Release|x64
		Release|x86 = Release|x86
	EndGlobalSection
	GlobalSection(ProjectConfigurationPlatforms) = postSolution
		{E6B535BE-E1C2-4E76-85E8-5A39E1C0BE6C}.Debug|x64.ActiveCfg = Debug|x64
		{E6B535BE-E1C2-4E76-85E8-5A39E1C0BE6C}.Debug|x64.Build.0 = Debug|x64
		{E6B535BE-E1C2-4E76-85E8-5A39E1C0BE6C}.Debug|x86.ActiveCfg = Debug|Win32
		{E6B535BE-E1C2-4E76-85E8-5A39E1C0BE6C}.Debug|x86.Build.0 = Debug|Win32
		{E6B535BE-E1C2-4E76-85E8-5A39E1C0BE6C}.Release|x64.ActiveCfg = Release|x64
		{E6B535BE-E1C2-4E76-85E8-5A39E1C0BE6C}.Release|x64.Build.0 = Release|x64
		{E6B535BE-E1C2-4E76-85E8-5A39E1C0BE6C}.Release|x86.ActiveCfg = Release|Win32
		{E6B535BE-E1C2-4E76-85E8-5A39E1C0BE6C}.Release|x86.Build.0 = Release|Win32
	EndGlobalSection
	GlobalSection(SolutionProperties) = preSolution
		HideSolutionNode = FALSE
	EndGlobalSection
	GlobalSection(ExtensibilityGlobals) = postSolution
		SolutionGuid = {9802D1CF-489D-4F8D-88D9-40D232CF5808}
	EndGlobalSection
EndGlobal
